// !$*UTF8*$!
{
	archiveVersion = 1;
	classes = {
	};
	objectVersion = 55;
	objects = {

/* Begin PBXBuildFile section */
		3225F85728308D4500B10A29 /* AppDelegate.swift in Sources */ = {isa = PBXBuildFile; fileRef = 3225F85628308D4500B10A29 /* AppDelegate.swift */; };
		3225F85928308D4500B10A29 /* SceneDelegate.swift in Sources */ = {isa = PBXBuildFile; fileRef = 3225F85828308D4500B10A29 /* SceneDelegate.swift */; };
		3225F86028308D4600B10A29 /* Assets.xcassets in Resources */ = {isa = PBXBuildFile; fileRef = 3225F85F28308D4600B10A29 /* Assets.xcassets */; };
		3225F86328308D4600B10A29 /* LaunchScreen.storyboard in Resources */ = {isa = PBXBuildFile; fileRef = 3225F86128308D4600B10A29 /* LaunchScreen.storyboard */; };
		3225F86E28308D4600B10A29 /* Can_MoneyBoxTests.swift in Sources */ = {isa = PBXBuildFile; fileRef = 3225F86D28308D4600B10A29 /* Can_MoneyBoxTests.swift */; };
		3225F87828308D4600B10A29 /* Can_MoneyBoxUITests.swift in Sources */ = {isa = PBXBuildFile; fileRef = 3225F87728308D4600B10A29 /* Can_MoneyBoxUITests.swift */; };
		3225F87A28308D4600B10A29 /* Can_MoneyBoxUITestsLaunchTests.swift in Sources */ = {isa = PBXBuildFile; fileRef = 3225F87928308D4600B10A29 /* Can_MoneyBoxUITestsLaunchTests.swift */; };
		3225F88B28308E7E00B10A29 /* APIConstants.swift in Sources */ = {isa = PBXBuildFile; fileRef = 3225F88A28308E7E00B10A29 /* APIConstants.swift */; };
		3225F88E28308ECC00B10A29 /* RequestProtocol.swift in Sources */ = {isa = PBXBuildFile; fileRef = 3225F88D28308ECC00B10A29 /* RequestProtocol.swift */; };
		3225F8902830905700B10A29 /* RequestMethod.swift in Sources */ = {isa = PBXBuildFile; fileRef = 3225F88F2830905700B10A29 /* RequestMethod.swift */; };
		3225F893283090C800B10A29 /* NetworkError.swift in Sources */ = {isa = PBXBuildFile; fileRef = 3225F892283090C800B10A29 /* NetworkError.swift */; };
		3225F895283095BE00B10A29 /* NetworkService.swift in Sources */ = {isa = PBXBuildFile; fileRef = 3225F894283095BE00B10A29 /* NetworkService.swift */; };
		3225F89A2830A71D00B10A29 /* IQKeyboardManagerSwift in Frameworks */ = {isa = PBXBuildFile; productRef = 3225F8992830A71D00B10A29 /* IQKeyboardManagerSwift */; };
		32912C06283127F200D79A91 /* SplashVC.swift in Sources */ = {isa = PBXBuildFile; fileRef = 32912C05283127F200D79A91 /* SplashVC.swift */; };
		32912C082831280F00D79A91 /* Splash.storyboard in Resources */ = {isa = PBXBuildFile; fileRef = 32912C072831280F00D79A91 /* Splash.storyboard */; };
		32912C0B2831294700D79A91 /* Identifiers.swift in Sources */ = {isa = PBXBuildFile; fileRef = 32912C0A2831294700D79A91 /* Identifiers.swift */; };
		32912C0F28312BD600D79A91 /* Login.storyboard in Resources */ = {isa = PBXBuildFile; fileRef = 32912C0E28312BD600D79A91 /* Login.storyboard */; };
		32912C1128312BDD00D79A91 /* LoginVC.swift in Sources */ = {isa = PBXBuildFile; fileRef = 32912C1028312BDD00D79A91 /* LoginVC.swift */; };
		32912C1428312E6800D79A91 /* GradientView.swift in Sources */ = {isa = PBXBuildFile; fileRef = 32912C1328312E6800D79A91 /* GradientView.swift */; };
		32912C16283130B300D79A91 /* LoginTextfield.swift in Sources */ = {isa = PBXBuildFile; fileRef = 32912C15283130B300D79A91 /* LoginTextfield.swift */; };
		32912C18283134BD00D79A91 /* RoundedButton.swift in Sources */ = {isa = PBXBuildFile; fileRef = 32912C17283134BD00D79A91 /* RoundedButton.swift */; };
		32912C1A2831367600D79A91 /* LoginViewModel.swift in Sources */ = {isa = PBXBuildFile; fileRef = 32912C192831367600D79A91 /* LoginViewModel.swift */; };
		32912C1C2831387100D79A91 /* LoginRequest.swift in Sources */ = {isa = PBXBuildFile; fileRef = 32912C1B2831387100D79A91 /* LoginRequest.swift */; };
		32912C1E283138E900D79A91 /* LoginResponse.swift in Sources */ = {isa = PBXBuildFile; fileRef = 32912C1D283138E900D79A91 /* LoginResponse.swift */; };
		32912C2028316BEB00D79A91 /* AccountResponse.swift in Sources */ = {isa = PBXBuildFile; fileRef = 32912C1F28316BEB00D79A91 /* AccountResponse.swift */; };
		32912C2228316D8100D79A91 /* LoginViewModelInputs.swift in Sources */ = {isa = PBXBuildFile; fileRef = 32912C2128316D8100D79A91 /* LoginViewModelInputs.swift */; };
		32912C2528316EB100D79A91 /* AccountsVC.swift in Sources */ = {isa = PBXBuildFile; fileRef = 32912C2428316EB100D79A91 /* AccountsVC.swift */; };
		32912C2728316F3100D79A91 /* AccountsViewModel.swift in Sources */ = {isa = PBXBuildFile; fileRef = 32912C2628316F3100D79A91 /* AccountsViewModel.swift */; };
		32912C292831712400D79A91 /* AccountsRequest.swift in Sources */ = {isa = PBXBuildFile; fileRef = 32912C282831712400D79A91 /* AccountsRequest.swift */; };
		32912C2B2831797C00D79A91 /* Accounts.storyboard in Resources */ = {isa = PBXBuildFile; fileRef = 32912C2A2831797C00D79A91 /* Accounts.storyboard */; };
		32912C2D28317C2300D79A91 /* RoundedShadowView.swift in Sources */ = {isa = PBXBuildFile; fileRef = 32912C2C28317C2300D79A91 /* RoundedShadowView.swift */; };
		32912C2F28317E3500D79A91 /* AccountsCell.swift in Sources */ = {isa = PBXBuildFile; fileRef = 32912C2E28317E3500D79A91 /* AccountsCell.swift */; };
		32912C332831A95500D79A91 /* AccountDetailsVC.swift in Sources */ = {isa = PBXBuildFile; fileRef = 32912C322831A95500D79A91 /* AccountDetailsVC.swift */; };
		32912C352831AA0F00D79A91 /* AccountDetailViewModel.swift in Sources */ = {isa = PBXBuildFile; fileRef = 32912C342831AA0F00D79A91 /* AccountDetailViewModel.swift */; };
		32912C372831ACD400D79A91 /* IncrementRequest.swift in Sources */ = {isa = PBXBuildFile; fileRef = 32912C362831ACD400D79A91 /* IncrementRequest.swift */; };
		32912C392831AFB900D79A91 /* AccountDetails.storyboard in Resources */ = {isa = PBXBuildFile; fileRef = 32912C382831AFB900D79A91 /* AccountDetails.storyboard */; };
		32912C3B2831B3E700D79A91 /* IncrementResponse.swift in Sources */ = {isa = PBXBuildFile; fileRef = 32912C3A2831B3E700D79A91 /* IncrementResponse.swift */; };
/* End PBXBuildFile section */

/* Begin PBXContainerItemProxy section */
		3225F86A28308D4600B10A29 /* PBXContainerItemProxy */ = {
			isa = PBXContainerItemProxy;
			containerPortal = 3225F84B28308D4500B10A29 /* Project object */;
			proxyType = 1;
			remoteGlobalIDString = 3225F85228308D4500B10A29;
			remoteInfo = Can_MoneyBox;
		};
		3225F87428308D4600B10A29 /* PBXContainerItemProxy */ = {
			isa = PBXContainerItemProxy;
			containerPortal = 3225F84B28308D4500B10A29 /* Project object */;
			proxyType = 1;
			remoteGlobalIDString = 3225F85228308D4500B10A29;
			remoteInfo = Can_MoneyBox;
		};
/* End PBXContainerItemProxy section */

/* Begin PBXFileReference section */
		3225F85328308D4500B10A29 /* Can_MoneyBox.app */ = {isa = PBXFileReference; explicitFileType = wrapper.application; includeInIndex = 0; path = Can_MoneyBox.app; sourceTree = BUILT_PRODUCTS_DIR; };
		3225F85628308D4500B10A29 /* AppDelegate.swift */ = {isa = PBXFileReference; lastKnownFileType = sourcecode.swift; path = AppDelegate.swift; sourceTree = "<group>"; };
		3225F85828308D4500B10A29 /* SceneDelegate.swift */ = {isa = PBXFileReference; lastKnownFileType = sourcecode.swift; path = SceneDelegate.swift; sourceTree = "<group>"; };
		3225F85F28308D4600B10A29 /* Assets.xcassets */ = {isa = PBXFileReference; lastKnownFileType = folder.assetcatalog; path = Assets.xcassets; sourceTree = "<group>"; };
		3225F86228308D4600B10A29 /* Base */ = {isa = PBXFileReference; lastKnownFileType = file.storyboard; name = Base; path = Base.lproj/LaunchScreen.storyboard; sourceTree = "<group>"; };
		3225F86428308D4600B10A29 /* Info.plist */ = {isa = PBXFileReference; lastKnownFileType = text.plist.xml; path = Info.plist; sourceTree = "<group>"; };
		3225F86928308D4600B10A29 /* Can_MoneyBoxTests.xctest */ = {isa = PBXFileReference; explicitFileType = wrapper.cfbundle; includeInIndex = 0; path = Can_MoneyBoxTests.xctest; sourceTree = BUILT_PRODUCTS_DIR; };
		3225F86D28308D4600B10A29 /* Can_MoneyBoxTests.swift */ = {isa = PBXFileReference; lastKnownFileType = sourcecode.swift; path = Can_MoneyBoxTests.swift; sourceTree = "<group>"; };
		3225F87328308D4600B10A29 /* Can_MoneyBoxUITests.xctest */ = {isa = PBXFileReference; explicitFileType = wrapper.cfbundle; includeInIndex = 0; path = Can_MoneyBoxUITests.xctest; sourceTree = BUILT_PRODUCTS_DIR; };
		3225F87728308D4600B10A29 /* Can_MoneyBoxUITests.swift */ = {isa = PBXFileReference; lastKnownFileType = sourcecode.swift; path = Can_MoneyBoxUITests.swift; sourceTree = "<group>"; };
		3225F87928308D4600B10A29 /* Can_MoneyBoxUITestsLaunchTests.swift */ = {isa = PBXFileReference; lastKnownFileType = sourcecode.swift; path = Can_MoneyBoxUITestsLaunchTests.swift; sourceTree = "<group>"; };
		3225F88A28308E7E00B10A29 /* APIConstants.swift */ = {isa = PBXFileReference; lastKnownFileType = sourcecode.swift; path = APIConstants.swift; sourceTree = "<group>"; };
		3225F88D28308ECC00B10A29 /* RequestProtocol.swift */ = {isa = PBXFileReference; lastKnownFileType = sourcecode.swift; path = RequestProtocol.swift; sourceTree = "<group>"; };
		3225F88F2830905700B10A29 /* RequestMethod.swift */ = {isa = PBXFileReference; lastKnownFileType = sourcecode.swift; path = RequestMethod.swift; sourceTree = "<group>"; };
		3225F892283090C800B10A29 /* NetworkError.swift */ = {isa = PBXFileReference; lastKnownFileType = sourcecode.swift; path = NetworkError.swift; sourceTree = "<group>"; };
		3225F894283095BE00B10A29 /* NetworkService.swift */ = {isa = PBXFileReference; lastKnownFileType = sourcecode.swift; path = NetworkService.swift; sourceTree = "<group>"; };
		32912C05283127F200D79A91 /* SplashVC.swift */ = {isa = PBXFileReference; lastKnownFileType = sourcecode.swift; path = SplashVC.swift; sourceTree = "<group>"; };
		32912C072831280F00D79A91 /* Splash.storyboard */ = {isa = PBXFileReference; lastKnownFileType = file.storyboard; path = Splash.storyboard; sourceTree = "<group>"; };
		32912C0A2831294700D79A91 /* Identifiers.swift */ = {isa = PBXFileReference; lastKnownFileType = sourcecode.swift; path = Identifiers.swift; sourceTree = "<group>"; };
		32912C0E28312BD600D79A91 /* Login.storyboard */ = {isa = PBXFileReference; lastKnownFileType = file.storyboard; path = Login.storyboard; sourceTree = "<group>"; };
		32912C1028312BDD00D79A91 /* LoginVC.swift */ = {isa = PBXFileReference; lastKnownFileType = sourcecode.swift; path = LoginVC.swift; sourceTree = "<group>"; };
		32912C1328312E6800D79A91 /* GradientView.swift */ = {isa = PBXFileReference; lastKnownFileType = sourcecode.swift; path = GradientView.swift; sourceTree = "<group>"; };
		32912C15283130B300D79A91 /* LoginTextfield.swift */ = {isa = PBXFileReference; lastKnownFileType = sourcecode.swift; path = LoginTextfield.swift; sourceTree = "<group>"; };
		32912C17283134BD00D79A91 /* RoundedButton.swift */ = {isa = PBXFileReference; lastKnownFileType = sourcecode.swift; path = RoundedButton.swift; sourceTree = "<group>"; };
		32912C192831367600D79A91 /* LoginViewModel.swift */ = {isa = PBXFileReference; lastKnownFileType = sourcecode.swift; path = LoginViewModel.swift; sourceTree = "<group>"; };
		32912C1B2831387100D79A91 /* LoginRequest.swift */ = {isa = PBXFileReference; lastKnownFileType = sourcecode.swift; path = LoginRequest.swift; sourceTree = "<group>"; };
		32912C1D283138E900D79A91 /* LoginResponse.swift */ = {isa = PBXFileReference; lastKnownFileType = sourcecode.swift; path = LoginResponse.swift; sourceTree = "<group>"; };
		32912C1F28316BEB00D79A91 /* AccountResponse.swift */ = {isa = PBXFileReference; lastKnownFileType = sourcecode.swift; path = AccountResponse.swift; sourceTree = "<group>"; };
		32912C2128316D8100D79A91 /* LoginViewModelInputs.swift */ = {isa = PBXFileReference; lastKnownFileType = sourcecode.swift; path = LoginViewModelInputs.swift; sourceTree = "<group>"; };
		32912C2428316EB100D79A91 /* AccountsVC.swift */ = {isa = PBXFileReference; lastKnownFileType = sourcecode.swift; path = AccountsVC.swift; sourceTree = "<group>"; };
		32912C2628316F3100D79A91 /* AccountsViewModel.swift */ = {isa = PBXFileReference; lastKnownFileType = sourcecode.swift; path = AccountsViewModel.swift; sourceTree = "<group>"; };
		32912C282831712400D79A91 /* AccountsRequest.swift */ = {isa = PBXFileReference; lastKnownFileType = sourcecode.swift; path = AccountsRequest.swift; sourceTree = "<group>"; };
		32912C2A2831797C00D79A91 /* Accounts.storyboard */ = {isa = PBXFileReference; lastKnownFileType = file.storyboard; path = Accounts.storyboard; sourceTree = "<group>"; };
		32912C2C28317C2300D79A91 /* RoundedShadowView.swift */ = {isa = PBXFileReference; lastKnownFileType = sourcecode.swift; path = RoundedShadowView.swift; sourceTree = "<group>"; };
		32912C2E28317E3500D79A91 /* AccountsCell.swift */ = {isa = PBXFileReference; lastKnownFileType = sourcecode.swift; path = AccountsCell.swift; sourceTree = "<group>"; };
		32912C322831A95500D79A91 /* AccountDetailsVC.swift */ = {isa = PBXFileReference; lastKnownFileType = sourcecode.swift; path = AccountDetailsVC.swift; sourceTree = "<group>"; };
		32912C342831AA0F00D79A91 /* AccountDetailViewModel.swift */ = {isa = PBXFileReference; lastKnownFileType = sourcecode.swift; path = AccountDetailViewModel.swift; sourceTree = "<group>"; };
		32912C362831ACD400D79A91 /* IncrementRequest.swift */ = {isa = PBXFileReference; lastKnownFileType = sourcecode.swift; path = IncrementRequest.swift; sourceTree = "<group>"; };
		32912C382831AFB900D79A91 /* AccountDetails.storyboard */ = {isa = PBXFileReference; lastKnownFileType = file.storyboard; path = AccountDetails.storyboard; sourceTree = "<group>"; };
		32912C3A2831B3E700D79A91 /* IncrementResponse.swift */ = {isa = PBXFileReference; lastKnownFileType = sourcecode.swift; path = IncrementResponse.swift; sourceTree = "<group>"; };
/* End PBXFileReference section */

/* Begin PBXFrameworksBuildPhase section */
		3225F85028308D4500B10A29 /* Frameworks */ = {
			isa = PBXFrameworksBuildPhase;
			buildActionMask = 2147483647;
			files = (
				3225F89A2830A71D00B10A29 /* IQKeyboardManagerSwift in Frameworks */,
			);
			runOnlyForDeploymentPostprocessing = 0;
		};
		3225F86628308D4600B10A29 /* Frameworks */ = {
			isa = PBXFrameworksBuildPhase;
			buildActionMask = 2147483647;
			files = (
			);
			runOnlyForDeploymentPostprocessing = 0;
		};
		3225F87028308D4600B10A29 /* Frameworks */ = {
			isa = PBXFrameworksBuildPhase;
			buildActionMask = 2147483647;
			files = (
			);
			runOnlyForDeploymentPostprocessing = 0;
		};
/* End PBXFrameworksBuildPhase section */

/* Begin PBXGroup section */
		3225F84A28308D4500B10A29 = {
			isa = PBXGroup;
			children = (
				3225F85528308D4500B10A29 /* Can_MoneyBox */,
				3225F86C28308D4600B10A29 /* Can_MoneyBoxTests */,
				3225F87628308D4600B10A29 /* Can_MoneyBoxUITests */,
				3225F85428308D4500B10A29 /* Products */,
			);
			sourceTree = "<group>";
		};
		3225F85428308D4500B10A29 /* Products */ = {
			isa = PBXGroup;
			children = (
				3225F85328308D4500B10A29 /* Can_MoneyBox.app */,
				3225F86928308D4600B10A29 /* Can_MoneyBoxTests.xctest */,
				3225F87328308D4600B10A29 /* Can_MoneyBoxUITests.xctest */,
			);
			name = Products;
			sourceTree = "<group>";
		};
		3225F85528308D4500B10A29 /* Can_MoneyBox */ = {
			isa = PBXGroup;
			children = (
				3225F88628308DD900B10A29 /* Core */,
				32912C04283127D700D79A91 /* Splash */,
				32912C032831276600D79A91 /* Login */,
				32912C2328316E6A00D79A91 /* Accounts */,
				32912C312831A93400D79A91 /* AccountDetails */,
				3225F85628308D4500B10A29 /* AppDelegate.swift */,
				3225F85828308D4500B10A29 /* SceneDelegate.swift */,
				3225F85F28308D4600B10A29 /* Assets.xcassets */,
				3225F86128308D4600B10A29 /* LaunchScreen.storyboard */,
				3225F86428308D4600B10A29 /* Info.plist */,
			);
			path = Can_MoneyBox;
			sourceTree = "<group>";
		};
		3225F86C28308D4600B10A29 /* Can_MoneyBoxTests */ = {
			isa = PBXGroup;
			children = (
				3225F86D28308D4600B10A29 /* Can_MoneyBoxTests.swift */,
			);
			path = Can_MoneyBoxTests;
			sourceTree = "<group>";
		};
		3225F87628308D4600B10A29 /* Can_MoneyBoxUITests */ = {
			isa = PBXGroup;
			children = (
				3225F87728308D4600B10A29 /* Can_MoneyBoxUITests.swift */,
				3225F87928308D4600B10A29 /* Can_MoneyBoxUITestsLaunchTests.swift */,
			);
			path = Can_MoneyBoxUITests;
			sourceTree = "<group>";
		};
		3225F88628308DD900B10A29 /* Core */ = {
			isa = PBXGroup;
			children = (
				32912C1228312E4800D79A91 /* view */,
				32912C092831292B00D79A91 /* utils */,
				3225F88928308E0800B10A29 /* data */,
				3225F88828308DF500B10A29 /* extension */,
				32912C022831274A00D79A91 /* models */,
			);
			path = Core;
			sourceTree = "<group>";
		};
		3225F88828308DF500B10A29 /* extension */ = {
			isa = PBXGroup;
			children = (
			);
			path = extension;
			sourceTree = "<group>";
		};
		3225F88928308E0800B10A29 /* data */ = {
			isa = PBXGroup;
			children = (
				3225F88A28308E7E00B10A29 /* APIConstants.swift */,
				3225F891283090BA00B10A29 /* network */,
				3225F88C28308EB600B10A29 /* request */,
			);
			path = data;
			sourceTree = "<group>";
		};
		3225F88C28308EB600B10A29 /* request */ = {
			isa = PBXGroup;
			children = (
				3225F88D28308ECC00B10A29 /* RequestProtocol.swift */,
				3225F88F2830905700B10A29 /* RequestMethod.swift */,
			);
			path = request;
			sourceTree = "<group>";
		};
		3225F891283090BA00B10A29 /* network */ = {
			isa = PBXGroup;
			children = (
				3225F892283090C800B10A29 /* NetworkError.swift */,
				3225F894283095BE00B10A29 /* NetworkService.swift */,
			);
			path = network;
			sourceTree = "<group>";
		};
		32912C022831274A00D79A91 /* models */ = {
			isa = PBXGroup;
			children = (
				32912C1D283138E900D79A91 /* LoginResponse.swift */,
				32912C1F28316BEB00D79A91 /* AccountResponse.swift */,
				32912C3A2831B3E700D79A91 /* IncrementResponse.swift */,
			);
			path = models;
			sourceTree = "<group>";
		};
		32912C032831276600D79A91 /* Login */ = {
			isa = PBXGroup;
			children = (
				32912C0E28312BD600D79A91 /* Login.storyboard */,
				32912C1028312BDD00D79A91 /* LoginVC.swift */,
				32912C192831367600D79A91 /* LoginViewModel.swift */,
				32912C1B2831387100D79A91 /* LoginRequest.swift */,
			);
			path = Login;
			sourceTree = "<group>";
		};
		32912C04283127D700D79A91 /* Splash */ = {
			isa = PBXGroup;
			children = (
				32912C072831280F00D79A91 /* Splash.storyboard */,
				32912C05283127F200D79A91 /* SplashVC.swift */,
			);
			path = Splash;
			sourceTree = "<group>";
		};
		32912C092831292B00D79A91 /* utils */ = {
			isa = PBXGroup;
			children = (
				32912C0A2831294700D79A91 /* Identifiers.swift */,
				32912C2128316D8100D79A91 /* LoginViewModelInputs.swift */,
			);
			path = utils;
			sourceTree = "<group>";
		};
		32912C1228312E4800D79A91 /* view */ = {
			isa = PBXGroup;
			children = (
				32912C1328312E6800D79A91 /* GradientView.swift */,
				32912C15283130B300D79A91 /* LoginTextfield.swift */,
				32912C17283134BD00D79A91 /* RoundedButton.swift */,
				32912C2C28317C2300D79A91 /* RoundedShadowView.swift */,
			);
			path = view;
			sourceTree = "<group>";
		};
		32912C2328316E6A00D79A91 /* Accounts */ = {
			isa = PBXGroup;
			children = (
				32912C2A2831797C00D79A91 /* Accounts.storyboard */,
				32912C2428316EB100D79A91 /* AccountsVC.swift */,
				32912C2628316F3100D79A91 /* AccountsViewModel.swift */,
				32912C282831712400D79A91 /* AccountsRequest.swift */,
				32912C2E28317E3500D79A91 /* AccountsCell.swift */,
			);
			path = Accounts;
			sourceTree = "<group>";
		};
		32912C312831A93400D79A91 /* AccountDetails */ = {
			isa = PBXGroup;
			children = (
				32912C322831A95500D79A91 /* AccountDetailsVC.swift */,
				32912C342831AA0F00D79A91 /* AccountDetailViewModel.swift */,
				32912C362831ACD400D79A91 /* IncrementRequest.swift */,
				32912C382831AFB900D79A91 /* AccountDetails.storyboard */,
			);
			path = AccountDetails;
			sourceTree = "<group>";
		};
/* End PBXGroup section */

/* Begin PBXNativeTarget section */
		3225F85228308D4500B10A29 /* Can_MoneyBox */ = {
			isa = PBXNativeTarget;
			buildConfigurationList = 3225F87D28308D4600B10A29 /* Build configuration list for PBXNativeTarget "Can_MoneyBox" */;
			buildPhases = (
				3225F84F28308D4500B10A29 /* Sources */,
				3225F85028308D4500B10A29 /* Frameworks */,
				3225F85128308D4500B10A29 /* Resources */,
			);
			buildRules = (
			);
			dependencies = (
			);
			name = Can_MoneyBox;
			packageProductDependencies = (
				3225F8992830A71D00B10A29 /* IQKeyboardManagerSwift */,
			);
			productName = Can_MoneyBox;
			productReference = 3225F85328308D4500B10A29 /* Can_MoneyBox.app */;
			productType = "com.apple.product-type.application";
		};
		3225F86828308D4600B10A29 /* Can_MoneyBoxTests */ = {
			isa = PBXNativeTarget;
			buildConfigurationList = 3225F88028308D4600B10A29 /* Build configuration list for PBXNativeTarget "Can_MoneyBoxTests" */;
			buildPhases = (
				3225F86528308D4600B10A29 /* Sources */,
				3225F86628308D4600B10A29 /* Frameworks */,
				3225F86728308D4600B10A29 /* Resources */,
			);
			buildRules = (
			);
			dependencies = (
				3225F86B28308D4600B10A29 /* PBXTargetDependency */,
			);
			name = Can_MoneyBoxTests;
			productName = Can_MoneyBoxTests;
			productReference = 3225F86928308D4600B10A29 /* Can_MoneyBoxTests.xctest */;
			productType = "com.apple.product-type.bundle.unit-test";
		};
		3225F87228308D4600B10A29 /* Can_MoneyBoxUITests */ = {
			isa = PBXNativeTarget;
			buildConfigurationList = 3225F88328308D4600B10A29 /* Build configuration list for PBXNativeTarget "Can_MoneyBoxUITests" */;
			buildPhases = (
				3225F86F28308D4600B10A29 /* Sources */,
				3225F87028308D4600B10A29 /* Frameworks */,
				3225F87128308D4600B10A29 /* Resources */,
			);
			buildRules = (
			);
			dependencies = (
				3225F87528308D4600B10A29 /* PBXTargetDependency */,
			);
			name = Can_MoneyBoxUITests;
			productName = Can_MoneyBoxUITests;
			productReference = 3225F87328308D4600B10A29 /* Can_MoneyBoxUITests.xctest */;
			productType = "com.apple.product-type.bundle.ui-testing";
		};
/* End PBXNativeTarget section */

/* Begin PBXProject section */
		3225F84B28308D4500B10A29 /* Project object */ = {
			isa = PBXProject;
			attributes = {
				BuildIndependentTargetsInParallel = 1;
				LastSwiftUpdateCheck = 1330;
				LastUpgradeCheck = 1330;
				TargetAttributes = {
					3225F85228308D4500B10A29 = {
						CreatedOnToolsVersion = 13.3.1;
					};
					3225F86828308D4600B10A29 = {
						CreatedOnToolsVersion = 13.3.1;
						TestTargetID = 3225F85228308D4500B10A29;
					};
					3225F87228308D4600B10A29 = {
						CreatedOnToolsVersion = 13.3.1;
						TestTargetID = 3225F85228308D4500B10A29;
					};
				};
			};
			buildConfigurationList = 3225F84E28308D4500B10A29 /* Build configuration list for PBXProject "Can_MoneyBox" */;
			compatibilityVersion = "Xcode 13.0";
			developmentRegion = en;
			hasScannedForEncodings = 0;
			knownRegions = (
				en,
				Base,
			);
			mainGroup = 3225F84A28308D4500B10A29;
			packageReferences = (
				3225F8982830A71D00B10A29 /* XCRemoteSwiftPackageReference "IQKeyboardManager" */,
			);
			productRefGroup = 3225F85428308D4500B10A29 /* Products */;
			projectDirPath = "";
			projectRoot = "";
			targets = (
				3225F85228308D4500B10A29 /* Can_MoneyBox */,
				3225F86828308D4600B10A29 /* Can_MoneyBoxTests */,
				3225F87228308D4600B10A29 /* Can_MoneyBoxUITests */,
			);
		};
/* End PBXProject section */

/* Begin PBXResourcesBuildPhase section */
		3225F85128308D4500B10A29 /* Resources */ = {
			isa = PBXResourcesBuildPhase;
			buildActionMask = 2147483647;
			files = (
				32912C0F28312BD600D79A91 /* Login.storyboard in Resources */,
				32912C392831AFB900D79A91 /* AccountDetails.storyboard in Resources */,
				32912C2B2831797C00D79A91 /* Accounts.storyboard in Resources */,
				3225F86328308D4600B10A29 /* LaunchScreen.storyboard in Resources */,
				3225F86028308D4600B10A29 /* Assets.xcassets in Resources */,
				32912C082831280F00D79A91 /* Splash.storyboard in Resources */,
			);
			runOnlyForDeploymentPostprocessing = 0;
		};
		3225F86728308D4600B10A29 /* Resources */ = {
			isa = PBXResourcesBuildPhase;
			buildActionMask = 2147483647;
			files = (
			);
			runOnlyForDeploymentPostprocessing = 0;
		};
		3225F87128308D4600B10A29 /* Resources */ = {
			isa = PBXResourcesBuildPhase;
			buildActionMask = 2147483647;
			files = (
			);
			runOnlyForDeploymentPostprocessing = 0;
		};
/* End PBXResourcesBuildPhase section */

/* Begin PBXSourcesBuildPhase section */
		3225F84F28308D4500B10A29 /* Sources */ = {
			isa = PBXSourcesBuildPhase;
			buildActionMask = 2147483647;
			files = (
				3225F88B28308E7E00B10A29 /* APIConstants.swift in Sources */,
				3225F893283090C800B10A29 /* NetworkError.swift in Sources */,
				32912C332831A95500D79A91 /* AccountDetailsVC.swift in Sources */,
				3225F895283095BE00B10A29 /* NetworkService.swift in Sources */,
				32912C1C2831387100D79A91 /* LoginRequest.swift in Sources */,
				32912C2028316BEB00D79A91 /* AccountResponse.swift in Sources */,
				3225F85728308D4500B10A29 /* AppDelegate.swift in Sources */,
				32912C1128312BDD00D79A91 /* LoginVC.swift in Sources */,
				32912C2528316EB100D79A91 /* AccountsVC.swift in Sources */,
				32912C1E283138E900D79A91 /* LoginResponse.swift in Sources */,
				3225F85928308D4500B10A29 /* SceneDelegate.swift in Sources */,
				32912C3B2831B3E700D79A91 /* IncrementResponse.swift in Sources */,
				32912C2728316F3100D79A91 /* AccountsViewModel.swift in Sources */,
				32912C2F28317E3500D79A91 /* AccountsCell.swift in Sources */,
				32912C1A2831367600D79A91 /* LoginViewModel.swift in Sources */,
				3225F88E28308ECC00B10A29 /* RequestProtocol.swift in Sources */,
				3225F8902830905700B10A29 /* RequestMethod.swift in Sources */,
				32912C292831712400D79A91 /* AccountsRequest.swift in Sources */,
				32912C1428312E6800D79A91 /* GradientView.swift in Sources */,
				32912C2228316D8100D79A91 /* LoginViewModelInputs.swift in Sources */,
				32912C372831ACD400D79A91 /* IncrementRequest.swift in Sources */,
				32912C16283130B300D79A91 /* LoginTextfield.swift in Sources */,
				32912C0B2831294700D79A91 /* Identifiers.swift in Sources */,
				32912C352831AA0F00D79A91 /* AccountDetailViewModel.swift in Sources */,
				32912C06283127F200D79A91 /* SplashVC.swift in Sources */,
				32912C2D28317C2300D79A91 /* RoundedShadowView.swift in Sources */,
				32912C18283134BD00D79A91 /* RoundedButton.swift in Sources */,
			);
			runOnlyForDeploymentPostprocessing = 0;
		};
		3225F86528308D4600B10A29 /* Sources */ = {
			isa = PBXSourcesBuildPhase;
			buildActionMask = 2147483647;
			files = (
				3225F86E28308D4600B10A29 /* Can_MoneyBoxTests.swift in Sources */,
			);
			runOnlyForDeploymentPostprocessing = 0;
		};
		3225F86F28308D4600B10A29 /* Sources */ = {
			isa = PBXSourcesBuildPhase;
			buildActionMask = 2147483647;
			files = (
				3225F87A28308D4600B10A29 /* Can_MoneyBoxUITestsLaunchTests.swift in Sources */,
				3225F87828308D4600B10A29 /* Can_MoneyBoxUITests.swift in Sources */,
			);
			runOnlyForDeploymentPostprocessing = 0;
		};
/* End PBXSourcesBuildPhase section */

/* Begin PBXTargetDependency section */
		3225F86B28308D4600B10A29 /* PBXTargetDependency */ = {
			isa = PBXTargetDependency;
			target = 3225F85228308D4500B10A29 /* Can_MoneyBox */;
			targetProxy = 3225F86A28308D4600B10A29 /* PBXContainerItemProxy */;
		};
		3225F87528308D4600B10A29 /* PBXTargetDependency */ = {
			isa = PBXTargetDependency;
			target = 3225F85228308D4500B10A29 /* Can_MoneyBox */;
			targetProxy = 3225F87428308D4600B10A29 /* PBXContainerItemProxy */;
		};
/* End PBXTargetDependency section */

/* Begin PBXVariantGroup section */
		3225F86128308D4600B10A29 /* LaunchScreen.storyboard */ = {
			isa = PBXVariantGroup;
			children = (
				3225F86228308D4600B10A29 /* Base */,
			);
			name = LaunchScreen.storyboard;
			sourceTree = "<group>";
		};
/* End PBXVariantGroup section */

/* Begin XCBuildConfiguration section */
		3225F87B28308D4600B10A29 /* Debug */ = {
			isa = XCBuildConfiguration;
			buildSettings = {
				ALWAYS_SEARCH_USER_PATHS = NO;
				CLANG_ANALYZER_NONNULL = YES;
				CLANG_ANALYZER_NUMBER_OBJECT_CONVERSION = YES_AGGRESSIVE;
				CLANG_CXX_LANGUAGE_STANDARD = "gnu++17";
				CLANG_ENABLE_MODULES = YES;
				CLANG_ENABLE_OBJC_ARC = YES;
				CLANG_ENABLE_OBJC_WEAK = YES;
				CLANG_WARN_BLOCK_CAPTURE_AUTORELEASING = YES;
				CLANG_WARN_BOOL_CONVERSION = YES;
				CLANG_WARN_COMMA = YES;
				CLANG_WARN_CONSTANT_CONVERSION = YES;
				CLANG_WARN_DEPRECATED_OBJC_IMPLEMENTATIONS = YES;
				CLANG_WARN_DIRECT_OBJC_ISA_USAGE = YES_ERROR;
				CLANG_WARN_DOCUMENTATION_COMMENTS = YES;
				CLANG_WARN_EMPTY_BODY = YES;
				CLANG_WARN_ENUM_CONVERSION = YES;
				CLANG_WARN_INFINITE_RECURSION = YES;
				CLANG_WARN_INT_CONVERSION = YES;
				CLANG_WARN_NON_LITERAL_NULL_CONVERSION = YES;
				CLANG_WARN_OBJC_IMPLICIT_RETAIN_SELF = YES;
				CLANG_WARN_OBJC_LITERAL_CONVERSION = YES;
				CLANG_WARN_OBJC_ROOT_CLASS = YES_ERROR;
				CLANG_WARN_QUOTED_INCLUDE_IN_FRAMEWORK_HEADER = YES;
				CLANG_WARN_RANGE_LOOP_ANALYSIS = YES;
				CLANG_WARN_STRICT_PROTOTYPES = YES;
				CLANG_WARN_SUSPICIOUS_MOVE = YES;
				CLANG_WARN_UNGUARDED_AVAILABILITY = YES_AGGRESSIVE;
				CLANG_WARN_UNREACHABLE_CODE = YES;
				CLANG_WARN__DUPLICATE_METHOD_MATCH = YES;
				COPY_PHASE_STRIP = NO;
				DEBUG_INFORMATION_FORMAT = dwarf;
				ENABLE_STRICT_OBJC_MSGSEND = YES;
				ENABLE_TESTABILITY = YES;
				GCC_C_LANGUAGE_STANDARD = gnu11;
				GCC_DYNAMIC_NO_PIC = NO;
				GCC_NO_COMMON_BLOCKS = YES;
				GCC_OPTIMIZATION_LEVEL = 0;
				GCC_PREPROCESSOR_DEFINITIONS = (
					"DEBUG=1",
					"$(inherited)",
				);
				GCC_WARN_64_TO_32_BIT_CONVERSION = YES;
				GCC_WARN_ABOUT_RETURN_TYPE = YES_ERROR;
				GCC_WARN_UNDECLARED_SELECTOR = YES;
				GCC_WARN_UNINITIALIZED_AUTOS = YES_AGGRESSIVE;
				GCC_WARN_UNUSED_FUNCTION = YES;
				GCC_WARN_UNUSED_VARIABLE = YES;
				IPHONEOS_DEPLOYMENT_TARGET = 15.4;
				MTL_ENABLE_DEBUG_INFO = INCLUDE_SOURCE;
				MTL_FAST_MATH = YES;
				ONLY_ACTIVE_ARCH = YES;
				SDKROOT = iphoneos;
				SWIFT_ACTIVE_COMPILATION_CONDITIONS = DEBUG;
				SWIFT_OPTIMIZATION_LEVEL = "-Onone";
			};
			name = Debug;
		};
		3225F87C28308D4600B10A29 /* Release */ = {
			isa = XCBuildConfiguration;
			buildSettings = {
				ALWAYS_SEARCH_USER_PATHS = NO;
				CLANG_ANALYZER_NONNULL = YES;
				CLANG_ANALYZER_NUMBER_OBJECT_CONVERSION = YES_AGGRESSIVE;
				CLANG_CXX_LANGUAGE_STANDARD = "gnu++17";
				CLANG_ENABLE_MODULES = YES;
				CLANG_ENABLE_OBJC_ARC = YES;
				CLANG_ENABLE_OBJC_WEAK = YES;
				CLANG_WARN_BLOCK_CAPTURE_AUTORELEASING = YES;
				CLANG_WARN_BOOL_CONVERSION = YES;
				CLANG_WARN_COMMA = YES;
				CLANG_WARN_CONSTANT_CONVERSION = YES;
				CLANG_WARN_DEPRECATED_OBJC_IMPLEMENTATIONS = YES;
				CLANG_WARN_DIRECT_OBJC_ISA_USAGE = YES_ERROR;
				CLANG_WARN_DOCUMENTATION_COMMENTS = YES;
				CLANG_WARN_EMPTY_BODY = YES;
				CLANG_WARN_ENUM_CONVERSION = YES;
				CLANG_WARN_INFINITE_RECURSION = YES;
				CLANG_WARN_INT_CONVERSION = YES;
				CLANG_WARN_NON_LITERAL_NULL_CONVERSION = YES;
				CLANG_WARN_OBJC_IMPLICIT_RETAIN_SELF = YES;
				CLANG_WARN_OBJC_LITERAL_CONVERSION = YES;
				CLANG_WARN_OBJC_ROOT_CLASS = YES_ERROR;
				CLANG_WARN_QUOTED_INCLUDE_IN_FRAMEWORK_HEADER = YES;
				CLANG_WARN_RANGE_LOOP_ANALYSIS = YES;
				CLANG_WARN_STRICT_PROTOTYPES = YES;
				CLANG_WARN_SUSPICIOUS_MOVE = YES;
				CLANG_WARN_UNGUARDED_AVAILABILITY = YES_AGGRESSIVE;
				CLANG_WARN_UNREACHABLE_CODE = YES;
				CLANG_WARN__DUPLICATE_METHOD_MATCH = YES;
				COPY_PHASE_STRIP = NO;
				DEBUG_INFORMATION_FORMAT = "dwarf-with-dsym";
				ENABLE_NS_ASSERTIONS = NO;
				ENABLE_STRICT_OBJC_MSGSEND = YES;
				GCC_C_LANGUAGE_STANDARD = gnu11;
				GCC_NO_COMMON_BLOCKS = YES;
				GCC_WARN_64_TO_32_BIT_CONVERSION = YES;
				GCC_WARN_ABOUT_RETURN_TYPE = YES_ERROR;
				GCC_WARN_UNDECLARED_SELECTOR = YES;
				GCC_WARN_UNINITIALIZED_AUTOS = YES_AGGRESSIVE;
				GCC_WARN_UNUSED_FUNCTION = YES;
				GCC_WARN_UNUSED_VARIABLE = YES;
				IPHONEOS_DEPLOYMENT_TARGET = 15.4;
				MTL_ENABLE_DEBUG_INFO = NO;
				MTL_FAST_MATH = YES;
				SDKROOT = iphoneos;
				SWIFT_COMPILATION_MODE = wholemodule;
				SWIFT_OPTIMIZATION_LEVEL = "-O";
				VALIDATE_PRODUCT = YES;
			};
			name = Release;
		};
		3225F87E28308D4600B10A29 /* Debug */ = {
			isa = XCBuildConfiguration;
			buildSettings = {
				ASSETCATALOG_COMPILER_APPICON_NAME = AppIcon;
				ASSETCATALOG_COMPILER_GLOBAL_ACCENT_COLOR_NAME = AccentColor;
				CODE_SIGN_STYLE = Automatic;
				CURRENT_PROJECT_VERSION = 1;
				DEVELOPMENT_TEAM = L5KK6CA6C6;
				GENERATE_INFOPLIST_FILE = YES;
				INFOPLIST_FILE = Can_MoneyBox/Info.plist;
				INFOPLIST_KEY_UIApplicationSupportsIndirectInputEvents = YES;
				INFOPLIST_KEY_UILaunchStoryboardName = LaunchScreen;
				INFOPLIST_KEY_UIMainStoryboardFile = Splash;
				INFOPLIST_KEY_UISupportedInterfaceOrientations = UIInterfaceOrientationPortrait;
				INFOPLIST_KEY_UISupportedInterfaceOrientations_iPad = "UIInterfaceOrientationPortrait UIInterfaceOrientationPortraitUpsideDown UIInterfaceOrientationLandscapeLeft UIInterfaceOrientationLandscapeRight";
				INFOPLIST_KEY_UISupportedInterfaceOrientations_iPhone = "UIInterfaceOrientationPortrait UIInterfaceOrientationLandscapeLeft UIInterfaceOrientationLandscapeRight";
				LD_RUNPATH_SEARCH_PATHS = (
					"$(inherited)",
					"@executable_path/Frameworks",
				);
				MARKETING_VERSION = 1.0;
				PRODUCT_BUNDLE_IDENTIFIER = "com.cantuntas.Can-MoneyBox";
				PRODUCT_NAME = "$(TARGET_NAME)";
				SWIFT_EMIT_LOC_STRINGS = YES;
				SWIFT_VERSION = 5.0;
				TARGETED_DEVICE_FAMILY = 1;
			};
			name = Debug;
		};
		3225F87F28308D4600B10A29 /* Release */ = {
			isa = XCBuildConfiguration;
			buildSettings = {
				ASSETCATALOG_COMPILER_APPICON_NAME = AppIcon;
				ASSETCATALOG_COMPILER_GLOBAL_ACCENT_COLOR_NAME = AccentColor;
				CODE_SIGN_STYLE = Automatic;
				CURRENT_PROJECT_VERSION = 1;
				DEVELOPMENT_TEAM = L5KK6CA6C6;
				GENERATE_INFOPLIST_FILE = YES;
				INFOPLIST_FILE = Can_MoneyBox/Info.plist;
				INFOPLIST_KEY_UIApplicationSupportsIndirectInputEvents = YES;
				INFOPLIST_KEY_UILaunchStoryboardName = LaunchScreen;
				INFOPLIST_KEY_UIMainStoryboardFile = Splash;
				INFOPLIST_KEY_UISupportedInterfaceOrientations = UIInterfaceOrientationPortrait;
				INFOPLIST_KEY_UISupportedInterfaceOrientations_iPad = "UIInterfaceOrientationPortrait UIInterfaceOrientationPortraitUpsideDown UIInterfaceOrientationLandscapeLeft UIInterfaceOrientationLandscapeRight";
				INFOPLIST_KEY_UISupportedInterfaceOrientations_iPhone = "UIInterfaceOrientationPortrait UIInterfaceOrientationLandscapeLeft UIInterfaceOrientationLandscapeRight";
				LD_RUNPATH_SEARCH_PATHS = (
					"$(inherited)",
					"@executable_path/Frameworks",
				);
				MARKETING_VERSION = 1.0;
				PRODUCT_BUNDLE_IDENTIFIER = "com.cantuntas.Can-MoneyBox";
				PRODUCT_NAME = "$(TARGET_NAME)";
				SWIFT_EMIT_LOC_STRINGS = YES;
				SWIFT_VERSION = 5.0;
				TARGETED_DEVICE_FAMILY = 1;
			};
			name = Release;
		};
		3225F88128308D4600B10A29 /* Debug */ = {
			isa = XCBuildConfiguration;
			buildSettings = {
				ALWAYS_EMBED_SWIFT_STANDARD_LIBRARIES = YES;
				BUNDLE_LOADER = "$(TEST_HOST)";
				CODE_SIGN_STYLE = Automatic;
				CURRENT_PROJECT_VERSION = 1;
				DEVELOPMENT_TEAM = L5KK6CA6C6;
				GENERATE_INFOPLIST_FILE = YES;
				IPHONEOS_DEPLOYMENT_TARGET = 15.4;
				MARKETING_VERSION = 1.0;
				PRODUCT_BUNDLE_IDENTIFIER = "com.cantuntas.Can-MoneyBoxTests";
				PRODUCT_NAME = "$(TARGET_NAME)";
				SWIFT_EMIT_LOC_STRINGS = NO;
				SWIFT_VERSION = 5.0;
				TARGETED_DEVICE_FAMILY = "1,2";
				TEST_HOST = "$(BUILT_PRODUCTS_DIR)/Can_MoneyBox.app/Can_MoneyBox";
			};
			name = Debug;
		};
		3225F88228308D4600B10A29 /* Release */ = {
			isa = XCBuildConfiguration;
			buildSettings = {
				ALWAYS_EMBED_SWIFT_STANDARD_LIBRARIES = YES;
				BUNDLE_LOADER = "$(TEST_HOST)";
				CODE_SIGN_STYLE = Automatic;
				CURRENT_PROJECT_VERSION = 1;
				DEVELOPMENT_TEAM = L5KK6CA6C6;
				GENERATE_INFOPLIST_FILE = YES;
				IPHONEOS_DEPLOYMENT_TARGET = 15.4;
				MARKETING_VERSION = 1.0;
				PRODUCT_BUNDLE_IDENTIFIER = "com.cantuntas.Can-MoneyBoxTests";
				PRODUCT_NAME = "$(TARGET_NAME)";
				SWIFT_EMIT_LOC_STRINGS = NO;
				SWIFT_VERSION = 5.0;
				TARGETED_DEVICE_FAMILY = "1,2";
				TEST_HOST = "$(BUILT_PRODUCTS_DIR)/Can_MoneyBox.app/Can_MoneyBox";
			};
			name = Release;
		};
		3225F88428308D4600B10A29 /* Debug */ = {
			isa = XCBuildConfiguration;
			buildSettings = {
				ALWAYS_EMBED_SWIFT_STANDARD_LIBRARIES = YES;
				CODE_SIGN_STYLE = Automatic;
				CURRENT_PROJECT_VERSION = 1;
				DEVELOPMENT_TEAM = L5KK6CA6C6;
				GENERATE_INFOPLIST_FILE = YES;
				MARKETING_VERSION = 1.0;
				PRODUCT_BUNDLE_IDENTIFIER = "com.cantuntas.Can-MoneyBoxUITests";
				PRODUCT_NAME = "$(TARGET_NAME)";
				SWIFT_EMIT_LOC_STRINGS = NO;
				SWIFT_VERSION = 5.0;
				TARGETED_DEVICE_FAMILY = "1,2";
				TEST_TARGET_NAME = Can_MoneyBox;
			};
			name = Debug;
		};
		3225F88528308D4600B10A29 /* Release */ = {
			isa = XCBuildConfiguration;
			buildSettings = {
				ALWAYS_EMBED_SWIFT_STANDARD_LIBRARIES = YES;
				CODE_SIGN_STYLE = Automatic;
				CURRENT_PROJECT_VERSION = 1;
				DEVELOPMENT_TEAM = L5KK6CA6C6;
				GENERATE_INFOPLIST_FILE = YES;
				MARKETING_VERSION = 1.0;
				PRODUCT_BUNDLE_IDENTIFIER = "com.cantuntas.Can-MoneyBoxUITests";
				PRODUCT_NAME = "$(TARGET_NAME)";
				SWIFT_EMIT_LOC_STRINGS = NO;
				SWIFT_VERSION = 5.0;
				TARGETED_DEVICE_FAMILY = "1,2";
				TEST_TARGET_NAME = Can_MoneyBox;
			};
			name = Release;
		};
/* End XCBuildConfiguration section */

/* Begin XCConfigurationList section */
		3225F84E28308D4500B10A29 /* Build configuration list for PBXProject "Can_MoneyBox" */ = {
			isa = XCConfigurationList;
			buildConfigurations = (
				3225F87B28308D4600B10A29 /* Debug */,
				3225F87C28308D4600B10A29 /* Release */,
			);
			defaultConfigurationIsVisible = 0;
			defaultConfigurationName = Release;
		};
		3225F87D28308D4600B10A29 /* Build configuration list for PBXNativeTarget "Can_MoneyBox" */ = {
			isa = XCConfigurationList;
			buildConfigurations = (
				3225F87E28308D4600B10A29 /* Debug */,
				3225F87F28308D4600B10A29 /* Release */,
			);
			defaultConfigurationIsVisible = 0;
			defaultConfigurationName = Release;
		};
		3225F88028308D4600B10A29 /* Build configuration list for PBXNativeTarget "Can_MoneyBoxTests" */ = {
			isa = XCConfigurationList;
			buildConfigurations = (
				3225F88128308D4600B10A29 /* Debug */,
				3225F88228308D4600B10A29 /* Release */,
			);
			defaultConfigurationIsVisible = 0;
			defaultConfigurationName = Release;
		};
		3225F88328308D4600B10A29 /* Build configuration list for PBXNativeTarget "Can_MoneyBoxUITests" */ = {
			isa = XCConfigurationList;
			buildConfigurations = (
				3225F88428308D4600B10A29 /* Debug */,
				3225F88528308D4600B10A29 /* Release */,
			);
			defaultConfigurationIsVisible = 0;
			defaultConfigurationName = Release;
		};
/* End XCConfigurationList section */

/* Begin XCRemoteSwiftPackageReference section */
		3225F8982830A71D00B10A29 /* XCRemoteSwiftPackageReference "IQKeyboardManager" */ = {
			isa = XCRemoteSwiftPackageReference;
			repositoryURL = "https://github.com/hackiftekhar/IQKeyboardManager.git";
			requirement = {
				branch = master;
				kind = branch;
			};
		};
/* End XCRemoteSwiftPackageReference section */

/* Begin XCSwiftPackageProductDependency section */
		3225F8992830A71D00B10A29 /* IQKeyboardManagerSwift */ = {
			isa = XCSwiftPackageProductDependency;
			package = 3225F8982830A71D00B10A29 /* XCRemoteSwiftPackageReference "IQKeyboardManager" */;
			productName = IQKeyboardManagerSwift;
		};
/* End XCSwiftPackageProductDependency section */
	};
	rootObject = 3225F84B28308D4500B10A29 /* Project object */;
}
